// !$*UTF8*$!
{
	archiveVersion = 1;
	classes = {
	};
	objectVersion = 50;
	objects = {

/* Begin PBXBuildFile section */
		EE817E1920E56E3C00B944AA /* Job.swift in Sources */ = {isa = PBXBuildFile; fileRef = EE817E1820E56E3C00B944AA /* Job.swift */; };
		EEA10AC220E53E380019B80C /* AppDelegate.swift in Sources */ = {isa = PBXBuildFile; fileRef = EEA10AC120E53E380019B80C /* AppDelegate.swift */; };
		EEA10AC420E53E380019B80C /* ViewController.swift in Sources */ = {isa = PBXBuildFile; fileRef = EEA10AC320E53E380019B80C /* ViewController.swift */; };
		EEA10AC720E53E380019B80C /* Main.storyboard in Resources */ = {isa = PBXBuildFile; fileRef = EEA10AC520E53E380019B80C /* Main.storyboard */; };
		EEA10AC920E53E3A0019B80C /* Assets.xcassets in Resources */ = {isa = PBXBuildFile; fileRef = EEA10AC820E53E3A0019B80C /* Assets.xcassets */; };
		EEA10ACC20E53E3A0019B80C /* LaunchScreen.storyboard in Resources */ = {isa = PBXBuildFile; fileRef = EEA10ACA20E53E3A0019B80C /* LaunchScreen.storyboard */; };
		EEA10AD420E540460019B80C /* ApiClient.swift in Sources */ = {isa = PBXBuildFile; fileRef = EEA10AD320E540460019B80C /* ApiClient.swift */; };
		EEA10ADA20E540B70019B80C /* ViewModel.swift in Sources */ = {isa = PBXBuildFile; fileRef = EEA10AD920E540B70019B80C /* ViewModel.swift */; };
/* End PBXBuildFile section */

/* Begin PBXFileReference section */
		EE817E1820E56E3C00B944AA /* Job.swift */ = {isa = PBXFileReference; lastKnownFileType = sourcecode.swift; path = Job.swift; sourceTree = "<group>"; };
		EEA10ABE20E53E380019B80C /* closure_enums_delegates.app */ = {isa = PBXFileReference; explicitFileType = wrapper.application; includeInIndex = 0; path = closure_enums_delegates.app; sourceTree = BUILT_PRODUCTS_DIR; };
		EEA10AC120E53E380019B80C /* AppDelegate.swift */ = {isa = PBXFileReference; lastKnownFileType = sourcecode.swift; path = AppDelegate.swift; sourceTree = "<group>"; };
		EEA10AC320E53E380019B80C /* ViewController.swift */ = {isa = PBXFileReference; lastKnownFileType = sourcecode.swift; path = ViewController.swift; sourceTree = "<group>"; };
		EEA10AC620E53E380019B80C /* Base */ = {isa = PBXFileReference; lastKnownFileType = file.storyboard; name = Base; path = Base.lproj/Main.storyboard; sourceTree = "<group>"; };
		EEA10AC820E53E3A0019B80C /* Assets.xcassets */ = {isa = PBXFileReference; lastKnownFileType = folder.assetcatalog; path = Assets.xcassets; sourceTree = "<group>"; };
		EEA10ACB20E53E3A0019B80C /* Base */ = {isa = PBXFileReference; lastKnownFileType = file.storyboard; name = Base; path = Base.lproj/LaunchScreen.storyboard; sourceTree = "<group>"; };
		EEA10ACD20E53E3A0019B80C /* Info.plist */ = {isa = PBXFileReference; lastKnownFileType = text.plist.xml; path = Info.plist; sourceTree = "<group>"; };
		EEA10AD320E540460019B80C /* ApiClient.swift */ = {isa = PBXFileReference; lastKnownFileType = sourcecode.swift; path = ApiClient.swift; sourceTree = "<group>"; };
		EEA10AD920E540B70019B80C /* ViewModel.swift */ = {isa = PBXFileReference; lastKnownFileType = sourcecode.swift; path = ViewModel.swift; sourceTree = "<group>"; };
/* End PBXFileReference section */

/* Begin PBXFrameworksBuildPhase section */
		EEA10ABB20E53E380019B80C /* Frameworks */ = {
			isa = PBXFrameworksBuildPhase;
			buildActionMask = 2147483647;
			files = (
			);
			runOnlyForDeploymentPostprocessing = 0;
		};
/* End PBXFrameworksBuildPhase section */

/* Begin PBXGroup section */
		EE817E1720E56DFD00B944AA /* Model */ = {
			isa = PBXGroup;
			children = (
				EE817E1820E56E3C00B944AA /* Job.swift */,
			);
			path = Model;
			sourceTree = "<group>";
		};
		EEA10AB520E53E380019B80C = {
			isa = PBXGroup;
			children = (
				EEA10AC020E53E380019B80C /* closure_enums_delegates */,
				EEA10ABF20E53E380019B80C /* Products */,
			);
			sourceTree = "<group>";
		};
		EEA10ABF20E53E380019B80C /* Products */ = {
			isa = PBXGroup;
			children = (
				EEA10ABE20E53E380019B80C /* closure_enums_delegates.app */,
			);
			name = Products;
			sourceTree = "<group>";
		};
		EEA10AC020E53E380019B80C /* closure_enums_delegates */ = {
			isa = PBXGroup;
			children = (
				EEA10AC120E53E380019B80C /* AppDelegate.swift */,
				EE817E1720E56DFD00B944AA /* Model */,
				EEA10AC820E53E3A0019B80C /* Assets.xcassets */,
				EEA10AD520E5405D0019B80C /* Core */,
				EEA10ACD20E53E3A0019B80C /* Info.plist */,
				EEA10AD820E5409A0019B80C /* UI */,
				EEA10AD620E5407A0019B80C /* ViewControllers */,
				EEA10AD720E540890019B80C /* ViewModels */,
			);
			path = closure_enums_delegates;
			sourceTree = "<group>";
		};
		EEA10AD520E5405D0019B80C /* Core */ = {
			isa = PBXGroup;
			children = (
				EEA10AD320E540460019B80C /* ApiClient.swift */,
			);
			path = Core;
			sourceTree = "<group>";
		};
		EEA10AD620E5407A0019B80C /* ViewControllers */ = {
			isa = PBXGroup;
			children = (
				EEA10AC320E53E380019B80C /* ViewController.swift */,
			);
			path = ViewControllers;
			sourceTree = "<group>";
		};
		EEA10AD720E540890019B80C /* ViewModels */ = {
			isa = PBXGroup;
			children = (
				EEA10AD920E540B70019B80C /* ViewModel.swift */,
			);
			path = ViewModels;
			sourceTree = "<group>";
		};
		EEA10AD820E5409A0019B80C /* UI */ = {
			isa = PBXGroup;
			children = (
				EEA10AC520E53E380019B80C /* Main.storyboard */,
				EEA10ACA20E53E3A0019B80C /* LaunchScreen.storyboard */,
			);
			path = UI;
			sourceTree = "<group>";
		};
/* End PBXGroup section */

/* Begin PBXNativeTarget section */
		EEA10ABD20E53E380019B80C /* closure_enums_delegates */ = {
			isa = PBXNativeTarget;
			buildConfigurationList = EEA10AD020E53E3A0019B80C /* Build configuration list for PBXNativeTarget "closure_enums_delegates" */;
			buildPhases = (
				EEA10ABA20E53E380019B80C /* Sources */,
				EEA10ABB20E53E380019B80C /* Frameworks */,
				EEA10ABC20E53E380019B80C /* Resources */,
			);
			buildRules = (
			);
			dependencies = (
			);
			name = closure_enums_delegates;
			productName = closure_enums_delegates;
			productReference = EEA10ABE20E53E380019B80C /* closure_enums_delegates.app */;
			productType = "com.apple.product-type.application";
		};
/* End PBXNativeTarget section */

/* Begin PBXProject section */
		EEA10AB620E53E380019B80C /* Project object */ = {
			isa = PBXProject;
			attributes = {
				LastSwiftUpdateCheck = 0940;
				LastUpgradeCheck = 0940;
				ORGANIZATIONNAME = davaur;
				TargetAttributes = {
					EEA10ABD20E53E380019B80C = {
						CreatedOnToolsVersion = 9.4.1;
					};
				};
			};
			buildConfigurationList = EEA10AB920E53E380019B80C /* Build configuration list for PBXProject "closure_enums_delegates" */;
			compatibilityVersion = "Xcode 9.3";
			developmentRegion = en;
			hasScannedForEncodings = 0;
			knownRegions = (
				en,
				Base,
			);
			mainGroup = EEA10AB520E53E380019B80C;
			productRefGroup = EEA10ABF20E53E380019B80C /* Products */;
			projectDirPath = "";
			projectRoot = "";
			targets = (
				EEA10ABD20E53E380019B80C /* closure_enums_delegates */,
			);
		};
/* End PBXProject section */

/* Begin PBXResourcesBuildPhase section */
		EEA10ABC20E53E380019B80C /* Resources */ = {
			isa = PBXResourcesBuildPhase;
			buildActionMask = 2147483647;
			files = (
				EEA10ACC20E53E3A0019B80C /* LaunchScreen.storyboard in Resources */,
				EEA10AC920E53E3A0019B80C /* Assets.xcassets in Resources */,
				EEA10AC720E53E380019B80C /* Main.storyboard in Resources */,
			);
			runOnlyForDeploymentPostprocessing = 0;
		};
/* End PBXResourcesBuildPhase section */

/* Begin PBXSourcesBuildPhase section */
		EEA10ABA20E53E380019B80C /* Sources */ = {
			isa = PBXSourcesBuildPhase;
			buildActionMask = 2147483647;
			files = (
				EEA10AC420E53E380019B80C /* ViewController.swift in Sources */,
				EEA10AC220E53E380019B80C /* AppDelegate.swift in Sources */,
				EEA10ADA20E540B70019B80C /* ViewModel.swift in Sources */,
				EEA10AD420E540460019B80C /* ApiClient.swift in Sources */,
				EE817E1920E56E3C00B944AA /* Job.swift in Sources */,
			);
			runOnlyForDeploymentPostprocessing = 0;
		};
/* End PBXSourcesBuildPhase section */

/* Begin PBXVariantGroup section */
		EEA10AC520E53E380019B80C /* Main.storyboard */ = {
			isa = PBXVariantGroup;
			children = (
				EEA10AC620E53E380019B80C /* Base */,
			);
			name = Main.storyboard;
			sourceTree = "<group>";
		};
		EEA10ACA20E53E3A0019B80C /* LaunchScreen.storyboard */ = {
			isa = PBXVariantGroup;
			children = (
				EEA10ACB20E53E3A0019B80C /* Base */,
			);
			name = LaunchScreen.storyboard;
			sourceTree = "<group>";
		};
/* End PBXVariantGroup section */

/* Begin XCBuildConfiguration section */
		EEA10ACE20E53E3A0019B80C /* Debug */ = {
			isa = XCBuildConfiguration;
			buildSettings = {
				ALWAYS_SEARCH_USER_PATHS = NO;
				CLANG_ANALYZER_NONNULL = YES;
				CLANG_ANALYZER_NUMBER_OBJECT_CONVERSION = YES_AGGRESSIVE;
				CLANG_CXX_LANGUAGE_STANDARD = "gnu++14";
				CLANG_CXX_LIBRARY = "libc++";
				CLANG_ENABLE_MODULES = YES;
				CLANG_ENABLE_OBJC_ARC = YES;
				CLANG_ENABLE_OBJC_WEAK = YES;
				CLANG_WARN_BLOCK_CAPTURE_AUTORELEASING = YES;
				CLANG_WARN_BOOL_CONVERSION = YES;
				CLANG_WARN_COMMA = YES;
				CLANG_WARN_CONSTANT_CONVERSION = YES;
				CLANG_WARN_DEPRECATED_OBJC_IMPLEMENTATIONS = YES;
				CLANG_WARN_DIRECT_OBJC_ISA_USAGE = YES_ERROR;
				CLANG_WARN_DOCUMENTATION_COMMENTS = YES;
				CLANG_WARN_EMPTY_BODY = YES;
				CLANG_WARN_ENUM_CONVERSION = YES;
				CLANG_WARN_INFINITE_RECURSION = YES;
				CLANG_WARN_INT_CONVERSION = YES;
				CLANG_WARN_NON_LITERAL_NULL_CONVERSION = YES;
				CLANG_WARN_OBJC_IMPLICIT_RETAIN_SELF = YES;
				CLANG_WARN_OBJC_LITERAL_CONVERSION = YES;
				CLANG_WARN_OBJC_ROOT_CLASS = YES_ERROR;
				CLANG_WARN_RANGE_LOOP_ANALYSIS = YES;
				CLANG_WARN_STRICT_PROTOTYPES = YES;
				CLANG_WARN_SUSPICIOUS_MOVE = YES;
				CLANG_WARN_UNGUARDED_AVAILABILITY = YES_AGGRESSIVE;
				CLANG_WARN_UNREACHABLE_CODE = YES;
				CLANG_WARN__DUPLICATE_METHOD_MATCH = YES;
				CODE_SIGN_IDENTITY = "iPhone Developer";
				COPY_PHASE_STRIP = NO;
				DEBUG_INFORMATION_FORMAT = dwarf;
				ENABLE_STRICT_OBJC_MSGSEND = YES;
				ENABLE_TESTABILITY = YES;
				GCC_C_LANGUAGE_STANDARD = gnu11;
				GCC_DYNAMIC_NO_PIC = NO;
				GCC_NO_COMMON_BLOCKS = YES;
				GCC_OPTIMIZATION_LEVEL = 0;
				GCC_PREPROCESSOR_DEFINITIONS = (
					"DEBUG=1",
					"$(inherited)",
				);
				GCC_WARN_64_TO_32_BIT_CONVERSION = YES;
				GCC_WARN_ABOUT_RETURN_TYPE = YES_ERROR;
				GCC_WARN_UNDECLARED_SELECTOR = YES;
				GCC_WARN_UNINITIALIZED_AUTOS = YES_AGGRESSIVE;
				GCC_WARN_UNUSED_FUNCTION = YES;
				GCC_WARN_UNUSED_VARIABLE = YES;
				IPHONEOS_DEPLOYMENT_TARGET = 11.4;
				MTL_ENABLE_DEBUG_INFO = YES;
				ONLY_ACTIVE_ARCH = YES;
				SDKROOT = iphoneos;
				SWIFT_ACTIVE_COMPILATION_CONDITIONS = DEBUG;
				SWIFT_OPTIMIZATION_LEVEL = "-Onone";
			};
			name = Debug;
		};
		EEA10ACF20E53E3A0019B80C /* Release */ = {
			isa = XCBuildConfiguration;
			buildSettings = {
				ALWAYS_SEARCH_USER_PATHS = NO;
				CLANG_ANALYZER_NONNULL = YES;
				CLANG_ANALYZER_NUMBER_OBJECT_CONVERSION = YES_AGGRESSIVE;
				CLANG_CXX_LANGUAGE_STANDARD = "gnu++14";
				CLANG_CXX_LIBRARY = "libc++";
				CLANG_ENABLE_MODULES = YES;
				CLANG_ENABLE_OBJC_ARC = YES;
				CLANG_ENABLE_OBJC_WEAK = YES;
				CLANG_WARN_BLOCK_CAPTURE_AUTORELEASING = YES;
				CLANG_WARN_BOOL_CONVERSION = YES;
				CLANG_WARN_COMMA = YES;
				CLANG_WARN_CONSTANT_CONVERSION = YES;
				CLANG_WARN_DEPRECATED_OBJC_IMPLEMENTATIONS = YES;
				CLANG_WARN_DIRECT_OBJC_ISA_USAGE = YES_ERROR;
				CLANG_WARN_DOCUMENTATION_COMMENTS = YES;
				CLANG_WARN_EMPTY_BODY = YES;
				CLANG_WARN_ENUM_CONVERSION = YES;
				CLANG_WARN_INFINITE_RECURSION = YES;
				CLANG_WARN_INT_CONVERSION = YES;
				CLANG_WARN_NON_LITERAL_NULL_CONVERSION = YES;
				CLANG_WARN_OBJC_IMPLICIT_RETAIN_SELF = YES;
				CLANG_WARN_OBJC_LITERAL_CONVERSION = YES;
				CLANG_WARN_OBJC_ROOT_CLASS = YES_ERROR;
				CLANG_WARN_RANGE_LOOP_ANALYSIS = YES;
				CLANG_WARN_STRICT_PROTOTYPES = YES;
				CLANG_WARN_SUSPICIOUS_MOVE = YES;
				CLANG_WARN_UNGUARDED_AVAILABILITY = YES_AGGRESSIVE;
				CLANG_WARN_UNREACHABLE_CODE = YES;
				CLANG_WARN__DUPLICATE_METHOD_MATCH = YES;
				CODE_SIGN_IDENTITY = "iPhone Developer";
				COPY_PHASE_STRIP = NO;
				DEBUG_INFORMATION_FORMAT = "dwarf-with-dsym";
				ENABLE_NS_ASSERTIONS = NO;
				ENABLE_STRICT_OBJC_MSGSEND = YES;
				GCC_C_LANGUAGE_STANDARD = gnu11;
				GCC_NO_COMMON_BLOCKS = YES;
				GCC_WARN_64_TO_32_BIT_CONVERSION = YES;
				GCC_WARN_ABOUT_RETURN_TYPE = YES_ERROR;
				GCC_WARN_UNDECLARED_SELECTOR = YES;
				GCC_WARN_UNINITIALIZED_AUTOS = YES_AGGRESSIVE;
				GCC_WARN_UNUSED_FUNCTION = YES;
				GCC_WARN_UNUSED_VARIABLE = YES;
				IPHONEOS_DEPLOYMENT_TARGET = 11.4;
				MTL_ENABLE_DEBUG_INFO = NO;
				SDKROOT = iphoneos;
				SWIFT_COMPILATION_MODE = wholemodule;
				SWIFT_OPTIMIZATION_LEVEL = "-O";
				VALIDATE_PRODUCT = YES;
			};
			name = Release;
		};
		EEA10AD120E53E3A0019B80C /* Debug */ = {
			isa = XCBuildConfiguration;
			buildSettings = {
				ASSETCATALOG_COMPILER_APPICON_NAME = AppIcon;
				CODE_SIGN_STYLE = Automatic;
				DEVELOPMENT_TEAM = 9NM4DLTS84;
				INFOPLIST_FILE = closure_enums_delegates/Info.plist;
				LD_RUNPATH_SEARCH_PATHS = (
					"$(inherited)",
					"@executable_path/Frameworks",
				);
				PRODUCT_BUNDLE_IDENTIFIER = "com.-davaur.closure-enums-delegates";
				PRODUCT_NAME = "$(TARGET_NAME)";
				SWIFT_VERSION = 4.0;
				TARGETED_DEVICE_FAMILY = "1,2";
			};
			name = Debug;
		};
		EEA10AD220E53E3A0019B80C /* Release */ = {
			isa = XCBuildConfiguration;
			buildSettings = {
				ASSETCATALOG_COMPILER_APPICON_NAME = AppIcon;
				CODE_SIGN_STYLE = Automatic;
				DEVELOPMENT_TEAM = 9NM4DLTS84;
				INFOPLIST_FILE = closure_enums_delegates/Info.plist;
				LD_RUNPATH_SEARCH_PATHS = (
					"$(inherited)",
					"@executable_path/Frameworks",
				);
				PRODUCT_BUNDLE_IDENTIFIER = "com.-davaur.closure-enums-delegates";
				PRODUCT_NAME = "$(TARGET_NAME)";
				SWIFT_VERSION = 4.0;
				TARGETED_DEVICE_FAMILY = "1,2";
			};
			name = Release;
		};
/* End XCBuildConfiguration section */

/* Begin XCConfigurationList section */
		EEA10AB920E53E380019B80C /* Build configuration list for PBXProject "closure_enums_delegates" */ = {
			isa = XCConfigurationList;
			buildConfigurations = (
				EEA10ACE20E53E3A0019B80C /* Debug */,
				EEA10ACF20E53E3A0019B80C /* Release */,
			);
			defaultConfigurationIsVisible = 0;
			defaultConfigurationName = Release;
		};
		EEA10AD020E53E3A0019B80C /* Build configuration list for PBXNativeTarget "closure_enums_delegates" */ = {
			isa = XCConfigurationList;
			buildConfigurations = (
				EEA10AD120E53E3A0019B80C /* Debug */,
				EEA10AD220E53E3A0019B80C /* Release */,
			);
			defaultConfigurationIsVisible = 0;
			defaultConfigurationName = Release;
		};
/* End XCConfigurationList section */
	};
	rootObject = EEA10AB620E53E380019B80C /* Project object */;
}
